
Microsoft Visual Studio Solution File, Format Version 12.00
# Visual Studio Version 17
VisualStudioVersion = 17.12.35527.113 d17.12
MinimumVisualStudioVersion = 10.0.40219.1
Project("{FAE04EC0-301F-11D3-BF4B-00C04F79EFBC}") = "StorageService", "StorageService\StorageService.csproj", "{FBAE0782-324A-4B39-AD91-B8215D42AA3C}"
EndProject
Project("{FAE04EC0-301F-11D3-BF4B-00C04F79EFBC}") = "OrdersService", "OrdersService\OrdersService.csproj", "{67D7261F-D60E-4AFD-B007-0A80B5201E97}"
EndProject
Project("{E53339B2-1760-4266-BCC7-CA923CBCF16C}") = "docker-compose", "docker-compose.dcproj", "{281A3761-109A-47E5-8E6B-E1E65E6A8403}"
EndProject
Global
	GlobalSection(SolutionConfigurationPlatforms) = preSolution
		Debug|Any CPU = Debug|Any CPU
		Release|Any CPU = Release|Any CPU
	EndGlobalSection
	GlobalSection(ProjectConfigurationPlatforms) = postSolution
		{FBAE0782-324A-4B39-AD91-B8215D42AA3C}.Debug|Any CPU.ActiveCfg = Debug|Any CPU
		{FBAE0782-324A-4B39-AD91-B8215D42AA3C}.Debug|Any CPU.Build.0 = Debug|Any CPU
		{FBAE0782-324A-4B39-AD91-B8215D42AA3C}.Release|Any CPU.ActiveCfg = Release|Any CPU
		{FBAE0782-324A-4B39-AD91-B8215D42AA3C}.Release|Any CPU.Build.0 = Release|Any CPU
		{67D7261F-D60E-4AFD-B007-0A80B5201E97}.Debug|Any CPU.ActiveCfg = Debug|Any CPU
		{67D7261F-D60E-4AFD-B007-0A80B5201E97}.Debug|Any CPU.Build.0 = Debug|Any CPU
		{67D7261F-D60E-4AFD-B007-0A80B5201E97}.Release|Any CPU.ActiveCfg = Release|Any CPU
		{67D7261F-D60E-4AFD-B007-0A80B5201E97}.Release|Any CPU.Build.0 = Release|Any CPU
		{281A3761-109A-47E5-8E6B-E1E65E6A8403}.Debug|Any CPU.ActiveCfg = Debug|Any CPU
		{281A3761-109A-47E5-8E6B-E1E65E6A8403}.Debug|Any CPU.Build.0 = Debug|Any CPU
		{281A3761-109A-47E5-8E6B-E1E65E6A8403}.Release|Any CPU.ActiveCfg = Release|Any CPU
		{281A3761-109A-47E5-8E6B-E1E65E6A8403}.Release|Any CPU.Build.0 = Release|Any CPU
	EndGlobalSection
	GlobalSection(SolutionProperties) = preSolution
		HideSolutionNode = FALSE
	EndGlobalSection
EndGlobal
